
Microsoft Visual Studio Solution File, Format Version 12.00
# Visual Studio Version 17
VisualStudioVersion = 17.4.33103.184
MinimumVisualStudioVersion = 10.0.40219.1
Project("{9A19103F-16F7-4668-BE54-9A1E7A4F7556}") = "Problem-4", "Task-01\Problem-4.csproj", "{4339EC1C-7D29-4140-AB82-DF48A92A5EA5}"
EndProject
Project("{9A19103F-16F7-4668-BE54-9A1E7A4F7556}") = "Problem-5", "Task-02\Problem-5.csproj", "{350920CD-9125-4862-8E88-9785166327B5}"
EndProject
Project("{FAE04EC0-301F-11D3-BF4B-00C04F79EFBC}") = "Problem-6", "Problem-6\Problem-6.csproj", "{8D8DE955-76DA-4BE8-B9D9-20ADD63B2B91}"
EndProject
Project("{FAE04EC0-301F-11D3-BF4B-00C04F79EFBC}") = "Problem-7", "Problem-7\Problem-7.csproj", "{FFDB1628-4BCD-4D72-98ED-A852241141C3}"
EndProject
Project("{FAE04EC0-301F-11D3-BF4B-00C04F79EFBC}") = "Problem-8", "Problem-8\Problem-8.csproj", "{CD845653-79ED-41CA-B19A-ABDF21A2B2F8}"
EndProject
Project("{FAE04EC0-301F-11D3-BF4B-00C04F79EFBC}") = "Problem-9", "Problem-9\Problem-9.csproj", "{9C83039D-10AE-48D6-BB0F-0B0EB2A0B3F8}"
EndProject
Project("{FAE04EC0-301F-11D3-BF4B-00C04F79EFBC}") = "Problem-10", "Problem-10\Problem-10.csproj", "{65C87CAF-D850-4878-9C1D-D92ACC3F2B2F}"
EndProject
Project("{FAE04EC0-301F-11D3-BF4B-00C04F79EFBC}") = "Problem-11", "Problem-11\Problem-11.csproj", "{306D1CC5-6E5F-4CD6-A595-7CAEE0D3879D}"
EndProject
Project("{FAE04EC0-301F-11D3-BF4B-00C04F79EFBC}") = "Problem-12", "Problem-12\Problem-12.csproj", "{92FFECF4-A68A-4269-9997-359673ECF454}"
EndProject
Project("{FAE04EC0-301F-11D3-BF4B-00C04F79EFBC}") = "Problem-13", "Problem-13\Problem-13.csproj", "{BA233F1A-2031-4367-BDF7-164C5B87FF8A}"
EndProject
Project("{FAE04EC0-301F-11D3-BF4B-00C04F79EFBC}") = "Problem_14", "Problem_14\Problem_14.csproj", "{7B046F4C-A288-45C5-A624-8D99036BB39D}"
EndProject
Project("{FAE04EC0-301F-11D3-BF4B-00C04F79EFBC}") = "Problem-15", "Problem-15\Problem-15.csproj", "{E5CC092A-5ACB-4B16-AF76-534CD113510C}"
EndProject
Project("{FAE04EC0-301F-11D3-BF4B-00C04F79EFBC}") = "Problem-16", "Problem-16\Problem-16.csproj", "{EB6FB346-5060-4DD1-BE80-B30068507A9A}"
EndProject
Project("{FAE04EC0-301F-11D3-BF4B-00C04F79EFBC}") = "Problem-17", "Problem-17\Problem-17.csproj", "{F7C58B5F-8DDC-43D6-B6BA-71EDD1E85B6E}"
EndProject
Global
	GlobalSection(SolutionConfigurationPlatforms) = preSolution
		Debug|Any CPU = Debug|Any CPU
		Release|Any CPU = Release|Any CPU
	EndGlobalSection
	GlobalSection(ProjectConfigurationPlatforms) = postSolution
		{4339EC1C-7D29-4140-AB82-DF48A92A5EA5}.Debug|Any CPU.ActiveCfg = Debug|Any CPU
		{4339EC1C-7D29-4140-AB82-DF48A92A5EA5}.Debug|Any CPU.Build.0 = Debug|Any CPU
		{4339EC1C-7D29-4140-AB82-DF48A92A5EA5}.Release|Any CPU.ActiveCfg = Release|Any CPU
		{4339EC1C-7D29-4140-AB82-DF48A92A5EA5}.Release|Any CPU.Build.0 = Release|Any CPU
		{350920CD-9125-4862-8E88-9785166327B5}.Debug|Any CPU.ActiveCfg = Debug|Any CPU
		{350920CD-9125-4862-8E88-9785166327B5}.Debug|Any CPU.Build.0 = Debug|Any CPU
		{350920CD-9125-4862-8E88-9785166327B5}.Release|Any CPU.ActiveCfg = Release|Any CPU
		{350920CD-9125-4862-8E88-9785166327B5}.Release|Any CPU.Build.0 = Release|Any CPU
		{8D8DE955-76DA-4BE8-B9D9-20ADD63B2B91}.Debug|Any CPU.ActiveCfg = Debug|Any CPU
		{8D8DE955-76DA-4BE8-B9D9-20ADD63B2B91}.Debug|Any CPU.Build.0 = Debug|Any CPU
		{8D8DE955-76DA-4BE8-B9D9-20ADD63B2B91}.Release|Any CPU.ActiveCfg = Release|Any CPU
		{8D8DE955-76DA-4BE8-B9D9-20ADD63B2B91}.Release|Any CPU.Build.0 = Release|Any CPU
		{FFDB1628-4BCD-4D72-98ED-A852241141C3}.Debug|Any CPU.ActiveCfg = Debug|Any CPU
		{FFDB1628-4BCD-4D72-98ED-A852241141C3}.Debug|Any CPU.Build.0 = Debug|Any CPU
		{FFDB1628-4BCD-4D72-98ED-A852241141C3}.Release|Any CPU.ActiveCfg = Release|Any CPU
		{FFDB1628-4BCD-4D72-98ED-A852241141C3}.Release|Any CPU.Build.0 = Release|Any CPU
		{CD845653-79ED-41CA-B19A-ABDF21A2B2F8}.Debug|Any CPU.ActiveCfg = Debug|Any CPU
		{CD845653-79ED-41CA-B19A-ABDF21A2B2F8}.Debug|Any CPU.Build.0 = Debug|Any CPU
		{CD845653-79ED-41CA-B19A-ABDF21A2B2F8}.Release|Any CPU.ActiveCfg = Release|Any CPU
		{CD845653-79ED-41CA-B19A-ABDF21A2B2F8}.Release|Any CPU.Build.0 = Release|Any CPU
		{9C83039D-10AE-48D6-BB0F-0B0EB2A0B3F8}.Debug|Any CPU.ActiveCfg = Debug|Any CPU
		{9C83039D-10AE-48D6-BB0F-0B0EB2A0B3F8}.Debug|Any CPU.Build.0 = Debug|Any CPU
		{9C83039D-10AE-48D6-BB0F-0B0EB2A0B3F8}.Release|Any CPU.ActiveCfg = Release|Any CPU
		{9C83039D-10AE-48D6-BB0F-0B0EB2A0B3F8}.Release|Any CPU.Build.0 = Release|Any CPU
		{65C87CAF-D850-4878-9C1D-D92ACC3F2B2F}.Debug|Any CPU.ActiveCfg = Debug|Any CPU
		{65C87CAF-D850-4878-9C1D-D92ACC3F2B2F}.Debug|Any CPU.Build.0 = Debug|Any CPU
		{65C87CAF-D850-4878-9C1D-D92ACC3F2B2F}.Release|Any CPU.ActiveCfg = Release|Any CPU
		{65C87CAF-D850-4878-9C1D-D92ACC3F2B2F}.Release|Any CPU.Build.0 = Release|Any CPU
		{306D1CC5-6E5F-4CD6-A595-7CAEE0D3879D}.Debug|Any CPU.ActiveCfg = Debug|Any CPU
		{306D1CC5-6E5F-4CD6-A595-7CAEE0D3879D}.Debug|Any CPU.Build.0 = Debug|Any CPU
		{306D1CC5-6E5F-4CD6-A595-7CAEE0D3879D}.Release|Any CPU.ActiveCfg = Release|Any CPU
		{306D1CC5-6E5F-4CD6-A595-7CAEE0D3879D}.Release|Any CPU.Build.0 = Release|Any CPU
		{92FFECF4-A68A-4269-9997-359673ECF454}.Debug|Any CPU.ActiveCfg = Debug|Any CPU
		{92FFECF4-A68A-4269-9997-359673ECF454}.Debug|Any CPU.Build.0 = Debug|Any CPU
		{92FFECF4-A68A-4269-9997-359673ECF454}.Release|Any CPU.ActiveCfg = Release|Any CPU
		{92FFECF4-A68A-4269-9997-359673ECF454}.Release|Any CPU.Build.0 = Release|Any CPU
		{BA233F1A-2031-4367-BDF7-164C5B87FF8A}.Debug|Any CPU.ActiveCfg = Debug|Any CPU
		{BA233F1A-2031-4367-BDF7-164C5B87FF8A}.Debug|Any CPU.Build.0 = Debug|Any CPU
		{BA233F1A-2031-4367-BDF7-164C5B87FF8A}.Release|Any CPU.ActiveCfg = Release|Any CPU
		{BA233F1A-2031-4367-BDF7-164C5B87FF8A}.Release|Any CPU.Build.0 = Release|Any CPU
		{7B046F4C-A288-45C5-A624-8D99036BB39D}.Debug|Any CPU.ActiveCfg = Debug|Any CPU
		{7B046F4C-A288-45C5-A624-8D99036BB39D}.Debug|Any CPU.Build.0 = Debug|Any CPU
		{7B046F4C-A288-45C5-A624-8D99036BB39D}.Release|Any CPU.ActiveCfg = Release|Any CPU
		{7B046F4C-A288-45C5-A624-8D99036BB39D}.Release|Any CPU.Build.0 = Release|Any CPU
		{E5CC092A-5ACB-4B16-AF76-534CD113510C}.Debug|Any CPU.ActiveCfg = Debug|Any CPU
		{E5CC092A-5ACB-4B16-AF76-534CD113510C}.Debug|Any CPU.Build.0 = Debug|Any CPU
		{E5CC092A-5ACB-4B16-AF76-534CD113510C}.Release|Any CPU.ActiveCfg = Release|Any CPU
		{E5CC092A-5ACB-4B16-AF76-534CD113510C}.Release|Any CPU.Build.0 = Release|Any CPU
		{EB6FB346-5060-4DD1-BE80-B30068507A9A}.Debug|Any CPU.ActiveCfg = Debug|Any CPU
		{EB6FB346-5060-4DD1-BE80-B30068507A9A}.Debug|Any CPU.Build.0 = Debug|Any CPU
		{EB6FB346-5060-4DD1-BE80-B30068507A9A}.Release|Any CPU.ActiveCfg = Release|Any CPU
		{EB6FB346-5060-4DD1-BE80-B30068507A9A}.Release|Any CPU.Build.0 = Release|Any CPU
		{F7C58B5F-8DDC-43D6-B6BA-71EDD1E85B6E}.Debug|Any CPU.ActiveCfg = Debug|Any CPU
		{F7C58B5F-8DDC-43D6-B6BA-71EDD1E85B6E}.Debug|Any CPU.Build.0 = Debug|Any CPU
		{F7C58B5F-8DDC-43D6-B6BA-71EDD1E85B6E}.Release|Any CPU.ActiveCfg = Release|Any CPU
		{F7C58B5F-8DDC-43D6-B6BA-71EDD1E85B6E}.Release|Any CPU.Build.0 = Release|Any CPU
	EndGlobalSection
	GlobalSection(SolutionProperties) = preSolution
		HideSolutionNode = FALSE
	EndGlobalSection
	GlobalSection(ExtensibilityGlobals) = postSolution
		SolutionGuid = {DBA9152F-275B-492C-872D-ECC77DE2F28B}
	EndGlobalSection
EndGlobal
